
Microsoft Visual Studio Solution File, Format Version 12.00
# Visual Studio 14
VisualStudioVersion = 14.0.23107.0
MinimumVisualStudioVersion = 10.0.40219.1
Project("{FAE04EC0-301F-11D3-BF4B-00C04F79EFBC}") = "Module1", "Module1\Module1\Module1.csproj", "{1A47A64F-D53C-4CE2-9139-46B02BEA99A4}"
EndProject
Project("{FAE04EC0-301F-11D3-BF4B-00C04F79EFBC}") = "Module2", "Module2\Module2\Module2.csproj", "{21B35116-2271-4298-86C0-0D30FEF29A73}"
EndProject
Project("{FAE04EC0-301F-11D3-BF4B-00C04F79EFBC}") = "Module3", "Module3\Module3.csproj", "{A7E7F8EC-2BE3-46DA-A8A9-50828D9EC63D}"
EndProject
Project("{FAE04EC0-301F-11D3-BF4B-00C04F79EFBC}") = "PeerCheck", "PeerCheck\PeerCheck.csproj", "{B8DBBD74-D910-4AE4-8CFF-32B5349995F6}"
EndProject
Project("{FAE04EC0-301F-11D3-BF4B-00C04F79EFBC}") = "Module4", "Module4\Module4.csproj", "{799FD425-F8D4-45AB-BAF3-2808CD2F03C6}"
EndProject
Project("{FAE04EC0-301F-11D3-BF4B-00C04F79EFBC}") = "Module5", "Module5\Module5.csproj", "{3A9637E7-29CF-423A-936B-F0CFECB84859}"
EndProject
Project("{FAE04EC0-301F-11D3-BF4B-00C04F79EFBC}") = "Alfabits", "Alfabits\Alfabits.csproj", "{C93C8D1F-030B-4113-8C7D-FD8A45CC13AD}"
EndProject
Project("{FAE04EC0-301F-11D3-BF4B-00C04F79EFBC}") = "alfa2", "alfa2\alfa2.csproj", "{C38D4792-7DF3-4077-9B71-71819FD969CD}"
EndProject
Global
	GlobalSection(SolutionConfigurationPlatforms) = preSolution
		Debug|Any CPU = Debug|Any CPU
		Release|Any CPU = Release|Any CPU
	EndGlobalSection
	GlobalSection(ProjectConfigurationPlatforms) = postSolution
		{1A47A64F-D53C-4CE2-9139-46B02BEA99A4}.Debug|Any CPU.ActiveCfg = Debug|Any CPU
		{1A47A64F-D53C-4CE2-9139-46B02BEA99A4}.Debug|Any CPU.Build.0 = Debug|Any CPU
		{1A47A64F-D53C-4CE2-9139-46B02BEA99A4}.Release|Any CPU.ActiveCfg = Release|Any CPU
		{1A47A64F-D53C-4CE2-9139-46B02BEA99A4}.Release|Any CPU.Build.0 = Release|Any CPU
		{21B35116-2271-4298-86C0-0D30FEF29A73}.Debug|Any CPU.ActiveCfg = Debug|Any CPU
		{21B35116-2271-4298-86C0-0D30FEF29A73}.Debug|Any CPU.Build.0 = Debug|Any CPU
		{21B35116-2271-4298-86C0-0D30FEF29A73}.Release|Any CPU.ActiveCfg = Release|Any CPU
		{21B35116-2271-4298-86C0-0D30FEF29A73}.Release|Any CPU.Build.0 = Release|Any CPU
		{A7E7F8EC-2BE3-46DA-A8A9-50828D9EC63D}.Debug|Any CPU.ActiveCfg = Debug|Any CPU
		{A7E7F8EC-2BE3-46DA-A8A9-50828D9EC63D}.Debug|Any CPU.Build.0 = Debug|Any CPU
		{A7E7F8EC-2BE3-46DA-A8A9-50828D9EC63D}.Release|Any CPU.ActiveCfg = Release|Any CPU
		{A7E7F8EC-2BE3-46DA-A8A9-50828D9EC63D}.Release|Any CPU.Build.0 = Release|Any CPU
		{B8DBBD74-D910-4AE4-8CFF-32B5349995F6}.Debug|Any CPU.ActiveCfg = Debug|Any CPU
		{B8DBBD74-D910-4AE4-8CFF-32B5349995F6}.Debug|Any CPU.Build.0 = Debug|Any CPU
		{B8DBBD74-D910-4AE4-8CFF-32B5349995F6}.Release|Any CPU.ActiveCfg = Release|Any CPU
		{B8DBBD74-D910-4AE4-8CFF-32B5349995F6}.Release|Any CPU.Build.0 = Release|Any CPU
		{799FD425-F8D4-45AB-BAF3-2808CD2F03C6}.Debug|Any CPU.ActiveCfg = Debug|Any CPU
		{799FD425-F8D4-45AB-BAF3-2808CD2F03C6}.Debug|Any CPU.Build.0 = Debug|Any CPU
		{799FD425-F8D4-45AB-BAF3-2808CD2F03C6}.Release|Any CPU.ActiveCfg = Release|Any CPU
		{799FD425-F8D4-45AB-BAF3-2808CD2F03C6}.Release|Any CPU.Build.0 = Release|Any CPU
		{3A9637E7-29CF-423A-936B-F0CFECB84859}.Debug|Any CPU.ActiveCfg = Debug|Any CPU
		{3A9637E7-29CF-423A-936B-F0CFECB84859}.Debug|Any CPU.Build.0 = Debug|Any CPU
		{3A9637E7-29CF-423A-936B-F0CFECB84859}.Release|Any CPU.ActiveCfg = Release|Any CPU
		{3A9637E7-29CF-423A-936B-F0CFECB84859}.Release|Any CPU.Build.0 = Release|Any CPU
		{C93C8D1F-030B-4113-8C7D-FD8A45CC13AD}.Debug|Any CPU.ActiveCfg = Debug|Any CPU
		{C93C8D1F-030B-4113-8C7D-FD8A45CC13AD}.Debug|Any CPU.Build.0 = Debug|Any CPU
		{C93C8D1F-030B-4113-8C7D-FD8A45CC13AD}.Release|Any CPU.ActiveCfg = Release|Any CPU
		{C93C8D1F-030B-4113-8C7D-FD8A45CC13AD}.Release|Any CPU.Build.0 = Release|Any CPU
		{C38D4792-7DF3-4077-9B71-71819FD969CD}.Debug|Any CPU.ActiveCfg = Debug|Any CPU
		{C38D4792-7DF3-4077-9B71-71819FD969CD}.Debug|Any CPU.Build.0 = Debug|Any CPU
		{C38D4792-7DF3-4077-9B71-71819FD969CD}.Release|Any CPU.ActiveCfg = Release|Any CPU
		{C38D4792-7DF3-4077-9B71-71819FD969CD}.Release|Any CPU.Build.0 = Release|Any CPU
	EndGlobalSection
	GlobalSection(SolutionProperties) = preSolution
		HideSolutionNode = FALSE
	EndGlobalSection
EndGlobal
